<?xml version="1.0" encoding="UTF-8" standalone="yes" ?>
<CodeBlocks_project_file>
	<FileVersion major="1" minor="6" />
	<Project>
		<Option title="Test8051" />
		<Option pch_mode="2" />
		<Option compiler="sdcc" />
		<Build>
			<Target title="Debug">
				<Option output="bin/Debug/Test8051.ihx" prefix_auto="1" extension_auto="0" />
				<Option working_dir="" />
				<Option object_output="obj/Debug/" />
				<Option type="5" />
				<Option compiler="sdcc" />
				<Compiler>
					<Add option="--model-large" />
					<Add option="--stack-auto" />
					<Add option="--debug" />
					<Add option="-DUSE_SDCC" />
					<Add option="-DUSE_PFF" />
					<Add directory="pff3a" />
					<Add directory="../Test8051" />
					<Add directory="SIOFS" />
				</Compiler>
				<Linker>
					<Add option="--xram-loc 0x8000" />
					<Add option="--xram-size 0x7F00" />
					<Add option="--code-loc 0x0000" />
					<Add option="--code-size 0x8000" />
				</Linker>
			</Target>
			<Target title="Release">
				<Option output="bin/Release/Test8051.ihx" prefix_auto="1" extension_auto="0" />
				<Option working_dir="" />
				<Option object_output="obj/Release/" />
				<Option type="5" />
				<Option compiler="sdcc" />
				<Compiler>
					<Add option="--model-large" />
					<Add option="--opt-code-size" />
					<Add option="--std-c99" />
					<Add option="--stack-auto" />
					<Add directory="FATFS/src" />
					<Add directory="FATFS/option" />
					<Add directory="../Test8051" />
				</Compiler>
				<Linker>
					<Add option="--xram-loc 0x4000" />
					<Add option="--xram-size 0xBF00" />
					<Add option="--code-loc 0x0000" />
					<Add option="--code-size 0x4000" />
					<Add directory="C:/Program Files (x86)/SDCC/lib/large-stack-auto" />
				</Linker>
			</Target>
		</Build>
		<Compiler>
			<Add option="-mmcs51" />
			<Add option="--model-huge" />
			<Add directory="FATFS/src" />
			<Add directory="FATFS/option" />
			<Add directory="../Test8051" />
		</Compiler>
		<Linker>
			<Add option="--xram-size 65536" />
			<Add option="--iram-size 256" />
			<Add option="--code-size 65536" />
			<Add option="--out-fmt-ihx" />
		</Linker>
		<ExtraCommands>
			<Add after='cmd /c &quot;packihx &lt;$(TARGET_OUTPUT_DIR)$(TARGET_OUTPUT_BASENAME).ihx &gt;$(TARGET_OUTPUT_DIR)$(TARGET_OUTPUT_BASENAME).hex&quot;' />
		</ExtraCommands>
		<Unit filename="SIO.C">
			<Option compilerVar="CC" />
		</Unit>
		<Unit filename="SIOFS/siofatfs.h" />
		<Unit filename="SYSCTRL.H" />
		<Unit filename="TEST.H" />
		<Unit filename="compactflash.c">
			<Option compilerVar="CC" />
		</Unit>
		<Unit filename="compactflash.h" />
		<Unit filename="delay.c">
			<Option compilerVar="CC" />
		</Unit>
		<Unit filename="delay.h" />
		<Unit filename="led.c">
			<Option compilerVar="CC" />
		</Unit>
		<Unit filename="led.h" />
		<Unit filename="main.c">
			<Option compilerVar="CC" />
		</Unit>
		<Unit filename="pff3a/DISKIO.H" />
		<Unit filename="pff3a/diskio.c">
			<Option compilerVar="CC" />
		</Unit>
		<Unit filename="pff3a/pff.c">
			<Option compilerVar="CC" />
		</Unit>
		<Unit filename="pff3a/pff.h" />
		<Unit filename="pff3a/pffconf.h" />
		<Unit filename="pio.c">
			<Option compilerVar="CC" />
		</Unit>
		<Unit filename="pio.h" />
		<Unit filename="sio.h" />
		<Unit filename="sioDisk.h" />
		<Unit filename="sioFS.h" />
		<Unit filename="sysctrl.c">
			<Option compilerVar="CC" />
		</Unit>
		<Unit filename="test.c">
			<Option compilerVar="CC" />
		</Unit>
		<Unit filename="version.h" />
		<Extensions>
			<code_completion />
			<envvars />
			<debugger />
			<lib_finder disable_auto="1" />
			<AutoVersioning>
				<Scheme minor_max="10" build_max="0" rev_max="0" rev_rand_max="10" build_times_to_increment_minor="100" />
				<Settings autoincrement="1" date_declarations="1" use_define="0" update_manifest="1" do_auto_increment="0" ask_to_increment="0" language="C++" svn="0" svn_directory="" header_path="version.h" />
				<Changes_Log show_changes_editor="0" app_title="released version %M.%m.%b of %p" changeslog_path="ChangesLog.txt" />
				<Code header_guard="VERSION_H" namespace="AutoVersion" prefix="" />
			</AutoVersioning>
		</Extensions>
	</Project>
</CodeBlocks_project_file>
